
Microsoft Visual Studio Solution File, Format Version 12.00
# Visual Studio Version 16
VisualStudioVersion = 25.0.1704.2
MinimumVisualStudioVersion = 10.0.40219.1
Project("{FAE04EC0-301F-11D3-BF4B-00C04F79EFBC}") = "AddressBook", "AddressBook\AddressBook.csproj", "{9FFF5520-BEDC-4965-90E5-940FF6B70CE1}"
EndProject
Global
	GlobalSection(SolutionConfigurationPlatforms) = preSolution
		Debug|Any CPU = Debug|Any CPU
		Release|Any CPU = Release|Any CPU
	EndGlobalSection
	GlobalSection(ProjectConfigurationPlatforms) = postSolution
		{9FFF5520-BEDC-4965-90E5-940FF6B70CE1}.Debug|Any CPU.ActiveCfg = Debug|Any CPU
		{9FFF5520-BEDC-4965-90E5-940FF6B70CE1}.Debug|Any CPU.Build.0 = Debug|Any CPU
		{9FFF5520-BEDC-4965-90E5-940FF6B70CE1}.Release|Any CPU.ActiveCfg = Release|Any CPU
		{9FFF5520-BEDC-4965-90E5-940FF6B70CE1}.Release|Any CPU.Build.0 = Release|Any CPU
	EndGlobalSection
	GlobalSection(SolutionProperties) = preSolution
		HideSolutionNode = FALSE
	EndGlobalSection
	GlobalSection(ExtensibilityGlobals) = postSolution
		SolutionGuid = {2938200E-3B28-4674-A65C-CA64A27D4BB3}
	EndGlobalSection
EndGlobal
